
Microsoft Visual Studio Solution File, Format Version 12.00
# Visual Studio Version 17
VisualStudioVersion = 17.5.33516.290
MinimumVisualStudioVersion = 10.0.40219.1
Project("{FAE04EC0-301F-11D3-BF4B-00C04F79EFBC}") = "ConsoleApp1", "ConsoleApp1\ConsoleApp1.csproj", "{4C79606B-BEDD-4115-93C5-E4822D8E72FF}"
EndProject
Global
	GlobalSection(SolutionConfigurationPlatforms) = preSolution
		Debug|Any CPU = Debug|Any CPU
		Release|Any CPU = Release|Any CPU
	EndGlobalSection
	GlobalSection(ProjectConfigurationPlatforms) = postSolution
		{4C79606B-BEDD-4115-93C5-E4822D8E72FF}.Debug|Any CPU.ActiveCfg = Debug|Any CPU
		{4C79606B-BEDD-4115-93C5-E4822D8E72FF}.Debug|Any CPU.Build.0 = Debug|Any CPU
		{4C79606B-BEDD-4115-93C5-E4822D8E72FF}.Release|Any CPU.ActiveCfg = Release|Any CPU
		{4C79606B-BEDD-4115-93C5-E4822D8E72FF}.Release|Any CPU.Build.0 = Release|Any CPU
	EndGlobalSection
	GlobalSection(SolutionProperties) = preSolution
		HideSolutionNode = FALSE
	EndGlobalSection
	GlobalSection(ExtensibilityGlobals) = postSolution
		SolutionGuid = {78EA26B1-984B-44C5-BE3C-AD7B0A83224F}
	EndGlobalSection
EndGlobal
